// !$*UTF8*$!
{
	archiveVersion = 1;
	classes = {
	};
	objectVersion = 46;
	objects = {

/* Begin PBXBuildFile section */
		FB7C6CC81BEBABED000D6AF1 /* AppDelegate.swift in Sources */ = {isa = PBXBuildFile; fileRef = FB7C6CC71BEBABED000D6AF1 /* AppDelegate.swift */; };
		FB7C6CCA1BEBABED000D6AF1 /* ViewController.swift in Sources */ = {isa = PBXBuildFile; fileRef = FB7C6CC91BEBABED000D6AF1 /* ViewController.swift */; };
		FB7C6CCD1BEBABED000D6AF1 /* Main.storyboard in Resources */ = {isa = PBXBuildFile; fileRef = FB7C6CCB1BEBABED000D6AF1 /* Main.storyboard */; };
		FB7C6CCF1BEBABED000D6AF1 /* Images.xcassets in Resources */ = {isa = PBXBuildFile; fileRef = FB7C6CCE1BEBABED000D6AF1 /* Images.xcassets */; };
		FB7C6CD21BEBABED000D6AF1 /* LaunchScreen.storyboard in Resources */ = {isa = PBXBuildFile; fileRef = FB7C6CD01BEBABED000D6AF1 /* LaunchScreen.storyboard */; };
		FB7C6CDD1BEBABED000D6AF1 /* MrPotatoTests.swift in Sources */ = {isa = PBXBuildFile; fileRef = FB7C6CDC1BEBABED000D6AF1 /* MrPotatoTests.swift */; };
		FB7C6CE81BEBABED000D6AF1 /* MrPotatoUITests.swift in Sources */ = {isa = PBXBuildFile; fileRef = FB7C6CE71BEBABED000D6AF1 /* MrPotatoUITests.swift */; };
		FBA96E4D1BEC94BB00E9D728 /* README.md in Sources */ = {isa = PBXBuildFile; fileRef = FBA96E4C1BEC94BB00E9D728 /* README.md */; settings = {ASSET_TAGS = (); }; };
/* End PBXBuildFile section */

/* Begin PBXContainerItemProxy section */
		FB7C6CD91BEBABED000D6AF1 /* PBXContainerItemProxy */ = {
			isa = PBXContainerItemProxy;
			containerPortal = FB7C6CBC1BEBABED000D6AF1 /* Project object */;
			proxyType = 1;
			remoteGlobalIDString = FB7C6CC31BEBABED000D6AF1;
			remoteInfo = MrPotato;
		};
		FB7C6CE41BEBABED000D6AF1 /* PBXContainerItemProxy */ = {
			isa = PBXContainerItemProxy;
			containerPortal = FB7C6CBC1BEBABED000D6AF1 /* Project object */;
			proxyType = 1;
			remoteGlobalIDString = FB7C6CC31BEBABED000D6AF1;
			remoteInfo = MrPotato;
		};
/* End PBXContainerItemProxy section */

/* Begin PBXFileReference section */
		FB7C6CC41BEBABED000D6AF1 /* MrPotato.app */ = {isa = PBXFileReference; explicitFileType = wrapper.application; includeInIndex = 0; path = MrPotato.app; sourceTree = BUILT_PRODUCTS_DIR; };
		FB7C6CC71BEBABED000D6AF1 /* AppDelegate.swift */ = {isa = PBXFileReference; lastKnownFileType = sourcecode.swift; path = AppDelegate.swift; sourceTree = "<group>"; };
		FB7C6CC91BEBABED000D6AF1 /* ViewController.swift */ = {isa = PBXFileReference; lastKnownFileType = sourcecode.swift; path = ViewController.swift; sourceTree = "<group>"; };
		FB7C6CCC1BEBABED000D6AF1 /* Base */ = {isa = PBXFileReference; lastKnownFileType = file.storyboard; name = Base; path = Base.lproj/Main.storyboard; sourceTree = "<group>"; };
		FB7C6CCE1BEBABED000D6AF1 /* Images.xcassets */ = {isa = PBXFileReference; lastKnownFileType = folder.assetcatalog; path = Images.xcassets; sourceTree = "<group>"; };
		FB7C6CD11BEBABED000D6AF1 /* Base */ = {isa = PBXFileReference; lastKnownFileType = file.storyboard; name = Base; path = Base.lproj/LaunchScreen.storyboard; sourceTree = "<group>"; };
		FB7C6CD31BEBABED000D6AF1 /* Info.plist */ = {isa = PBXFileReference; lastKnownFileType = text.plist.xml; path = Info.plist; sourceTree = "<group>"; };
		FB7C6CD81BEBABED000D6AF1 /* MrPotatoTests.xctest */ = {isa = PBXFileReference; explicitFileType = wrapper.cfbundle; includeInIndex = 0; path = MrPotatoTests.xctest; sourceTree = BUILT_PRODUCTS_DIR; };
		FB7C6CDC1BEBABED000D6AF1 /* MrPotatoTests.swift */ = {isa = PBXFileReference; lastKnownFileType = sourcecode.swift; path = MrPotatoTests.swift; sourceTree = "<group>"; };
		FB7C6CDE1BEBABED000D6AF1 /* Info.plist */ = {isa = PBXFileReference; lastKnownFileType = text.plist.xml; path = Info.plist; sourceTree = "<group>"; };
		FB7C6CE31BEBABED000D6AF1 /* MrPotatoUITests.xctest */ = {isa = PBXFileReference; explicitFileType = wrapper.cfbundle; includeInIndex = 0; path = MrPotatoUITests.xctest; sourceTree = BUILT_PRODUCTS_DIR; };
		FB7C6CE71BEBABED000D6AF1 /* MrPotatoUITests.swift */ = {isa = PBXFileReference; lastKnownFileType = sourcecode.swift; path = MrPotatoUITests.swift; sourceTree = "<group>"; };
		FB7C6CE91BEBABED000D6AF1 /* Info.plist */ = {isa = PBXFileReference; lastKnownFileType = text.plist.xml; path = Info.plist; sourceTree = "<group>"; };
		FBA96E4C1BEC94BB00E9D728 /* README.md */ = {isa = PBXFileReference; fileEncoding = 4; lastKnownFileType = net.daringfireball.markdown; path = README.md; sourceTree = "<group>"; };
/* End PBXFileReference section */

/* Begin PBXFrameworksBuildPhase section */
		FB7C6CC11BEBABED000D6AF1 /* Frameworks */ = {
			isa = PBXFrameworksBuildPhase;
			buildActionMask = 2147483647;
			files = (
			);
			runOnlyForDeploymentPostprocessing = 0;
		};
		FB7C6CD51BEBABED000D6AF1 /* Frameworks */ = {
			isa = PBXFrameworksBuildPhase;
			buildActionMask = 2147483647;
			files = (
			);
			runOnlyForDeploymentPostprocessing = 0;
		};
		FB7C6CE01BEBABED000D6AF1 /* Frameworks */ = {
			isa = PBXFrameworksBuildPhase;
			buildActionMask = 2147483647;
			files = (
			);
			runOnlyForDeploymentPostprocessing = 0;
		};
/* End PBXFrameworksBuildPhase section */

/* Begin PBXGroup section */
		FB7C6CBB1BEBABED000D6AF1 = {
			isa = PBXGroup;
			children = (
				FBA96E4C1BEC94BB00E9D728 /* README.md */,
				FB7C6CC61BEBABED000D6AF1 /* MrPotato */,
				FB7C6CDB1BEBABED000D6AF1 /* MrPotatoTests */,
				FB7C6CE61BEBABED000D6AF1 /* MrPotatoUITests */,
				FB7C6CC51BEBABED000D6AF1 /* Products */,
			);
			sourceTree = "<group>";
		};
		FB7C6CC51BEBABED000D6AF1 /* Products */ = {
			isa = PBXGroup;
			children = (
				FB7C6CC41BEBABED000D6AF1 /* MrPotato.app */,
				FB7C6CD81BEBABED000D6AF1 /* MrPotatoTests.xctest */,
				FB7C6CE31BEBABED000D6AF1 /* MrPotatoUITests.xctest */,
			);
			name = Products;
			sourceTree = "<group>";
		};
		FB7C6CC61BEBABED000D6AF1 /* MrPotato */ = {
			isa = PBXGroup;
			children = (
				FB7C6CC71BEBABED000D6AF1 /* AppDelegate.swift */,
				FB7C6CC91BEBABED000D6AF1 /* ViewController.swift */,
				FB7C6CCB1BEBABED000D6AF1 /* Main.storyboard */,
				FB7C6CCE1BEBABED000D6AF1 /* Images.xcassets */,
				FB7C6CD01BEBABED000D6AF1 /* LaunchScreen.storyboard */,
				FB7C6CD31BEBABED000D6AF1 /* Info.plist */,
			);
			path = MrPotato;
			sourceTree = "<group>";
		};
		FB7C6CDB1BEBABED000D6AF1 /* MrPotatoTests */ = {
			isa = PBXGroup;
			children = (
				FB7C6CDC1BEBABED000D6AF1 /* MrPotatoTests.swift */,
				FB7C6CDE1BEBABED000D6AF1 /* Info.plist */,
			);
			path = MrPotatoTests;
			sourceTree = "<group>";
		};
		FB7C6CE61BEBABED000D6AF1 /* MrPotatoUITests */ = {
			isa = PBXGroup;
			children = (
				FB7C6CE71BEBABED000D6AF1 /* MrPotatoUITests.swift */,
				FB7C6CE91BEBABED000D6AF1 /* Info.plist */,
			);
			path = MrPotatoUITests;
			sourceTree = "<group>";
		};
/* End PBXGroup section */

/* Begin PBXNativeTarget section */
		FB7C6CC31BEBABED000D6AF1 /* MrPotato */ = {
			isa = PBXNativeTarget;
			buildConfigurationList = FB7C6CEC1BEBABED000D6AF1 /* Build configuration list for PBXNativeTarget "MrPotato" */;
			buildPhases = (
				FB7C6CC01BEBABED000D6AF1 /* Sources */,
				FB7C6CC11BEBABED000D6AF1 /* Frameworks */,
				FB7C6CC21BEBABED000D6AF1 /* Resources */,
			);
			buildRules = (
			);
			dependencies = (
			);
			name = MrPotato;
			productName = MrPotato;
			productReference = FB7C6CC41BEBABED000D6AF1 /* MrPotato.app */;
			productType = "com.apple.product-type.application";
		};
		FB7C6CD71BEBABED000D6AF1 /* MrPotatoTests */ = {
			isa = PBXNativeTarget;
			buildConfigurationList = FB7C6CEF1BEBABED000D6AF1 /* Build configuration list for PBXNativeTarget "MrPotatoTests" */;
			buildPhases = (
				FB7C6CD41BEBABED000D6AF1 /* Sources */,
				FB7C6CD51BEBABED000D6AF1 /* Frameworks */,
				FB7C6CD61BEBABED000D6AF1 /* Resources */,
			);
			buildRules = (
			);
			dependencies = (
				FB7C6CDA1BEBABED000D6AF1 /* PBXTargetDependency */,
			);
			name = MrPotatoTests;
			productName = MrPotatoTests;
			productReference = FB7C6CD81BEBABED000D6AF1 /* MrPotatoTests.xctest */;
			productType = "com.apple.product-type.bundle.unit-test";
		};
		FB7C6CE21BEBABED000D6AF1 /* MrPotatoUITests */ = {
			isa = PBXNativeTarget;
			buildConfigurationList = FB7C6CF21BEBABED000D6AF1 /* Build configuration list for PBXNativeTarget "MrPotatoUITests" */;
			buildPhases = (
				FB7C6CDF1BEBABED000D6AF1 /* Sources */,
				FB7C6CE01BEBABED000D6AF1 /* Frameworks */,
				FB7C6CE11BEBABED000D6AF1 /* Resources */,
			);
			buildRules = (
			);
			dependencies = (
				FB7C6CE51BEBABED000D6AF1 /* PBXTargetDependency */,
			);
			name = MrPotatoUITests;
			productName = MrPotatoUITests;
			productReference = FB7C6CE31BEBABED000D6AF1 /* MrPotatoUITests.xctest */;
			productType = "com.apple.product-type.bundle.ui-testing";
		};
/* End PBXNativeTarget section */

/* Begin PBXProject section */
		FB7C6CBC1BEBABED000D6AF1 /* Project object */ = {
			isa = PBXProject;
			attributes = {
				LastUpgradeCheck = 0700;
				ORGANIZATIONNAME = "Christine Vinck";
				TargetAttributes = {
					FB7C6CC31BEBABED000D6AF1 = {
						CreatedOnToolsVersion = 7.0.1;
					};
					FB7C6CD71BEBABED000D6AF1 = {
						CreatedOnToolsVersion = 7.0.1;
						TestTargetID = FB7C6CC31BEBABED000D6AF1;
					};
					FB7C6CE21BEBABED000D6AF1 = {
						CreatedOnToolsVersion = 7.0.1;
						TestTargetID = FB7C6CC31BEBABED000D6AF1;
					};
				};
			};
			buildConfigurationList = FB7C6CBF1BEBABED000D6AF1 /* Build configuration list for PBXProject "MrPotato" */;
			compatibilityVersion = "Xcode 3.2";
			developmentRegion = English;
			hasScannedForEncodings = 0;
			knownRegions = (
				en,
				Base,
			);
			mainGroup = FB7C6CBB1BEBABED000D6AF1;
			productRefGroup = FB7C6CC51BEBABED000D6AF1 /* Products */;
			projectDirPath = "";
			projectRoot = "";
			targets = (
				FB7C6CC31BEBABED000D6AF1 /* MrPotato */,
				FB7C6CD71BEBABED000D6AF1 /* MrPotatoTests */,
				FB7C6CE21BEBABED000D6AF1 /* MrPotatoUITests */,
			);
		};
/* End PBXProject section */

/* Begin PBXResourcesBuildPhase section */
		FB7C6CC21BEBABED000D6AF1 /* Resources */ = {
			isa = PBXResourcesBuildPhase;
			buildActionMask = 2147483647;
			files = (
				FB7C6CD21BEBABED000D6AF1 /* LaunchScreen.storyboard in Resources */,
				FB7C6CCF1BEBABED000D6AF1 /* Images.xcassets in Resources */,
				FB7C6CCD1BEBABED000D6AF1 /* Main.storyboard in Resources */,
			);
			runOnlyForDeploymentPostprocessing = 0;
		};
		FB7C6CD61BEBABED000D6AF1 /* Resources */ = {
			isa = PBXResourcesBuildPhase;
			buildActionMask = 2147483647;
			files = (
			);
			runOnlyForDeploymentPostprocessing = 0;
		};
		FB7C6CE11BEBABED000D6AF1 /* Resources */ = {
			isa = PBXResourcesBuildPhase;
			buildActionMask = 2147483647;
			files = (
			);
			runOnlyForDeploymentPostprocessing = 0;
		};
/* End PBXResourcesBuildPhase section */

/* Begin PBXSourcesBuildPhase section */
		FB7C6CC01BEBABED000D6AF1 /* Sources */ = {
			isa = PBXSourcesBuildPhase;
			buildActionMask = 2147483647;
			files = (
				FBA96E4D1BEC94BB00E9D728 /* README.md in Sources */,
				FB7C6CCA1BEBABED000D6AF1 /* ViewController.swift in Sources */,
				FB7C6CC81BEBABED000D6AF1 /* AppDelegate.swift in Sources */,
			);
			runOnlyForDeploymentPostprocessing = 0;
		};
		FB7C6CD41BEBABED000D6AF1 /* Sources */ = {
			isa = PBXSourcesBuildPhase;
			buildActionMask = 2147483647;
			files = (
				FB7C6CDD1BEBABED000D6AF1 /* MrPotatoTests.swift in Sources */,
			);
			runOnlyForDeploymentPostprocessing = 0;
		};
		FB7C6CDF1BEBABED000D6AF1 /* Sources */ = {
			isa = PBXSourcesBuildPhase;
			buildActionMask = 2147483647;
			files = (
				FB7C6CE81BEBABED000D6AF1 /* MrPotatoUITests.swift in Sources */,
			);
			runOnlyForDeploymentPostprocessing = 0;
		};
/* End PBXSourcesBuildPhase section */

/* Begin PBXTargetDependency section */
		FB7C6CDA1BEBABED000D6AF1 /* PBXTargetDependency */ = {
			isa = PBXTargetDependency;
			target = FB7C6CC31BEBABED000D6AF1 /* MrPotato */;
			targetProxy = FB7C6CD91BEBABED000D6AF1 /* PBXContainerItemProxy */;
		};
		FB7C6CE51BEBABED000D6AF1 /* PBXTargetDependency */ = {
			isa = PBXTargetDependency;
			target = FB7C6CC31BEBABED000D6AF1 /* MrPotato */;
			targetProxy = FB7C6CE41BEBABED000D6AF1 /* PBXContainerItemProxy */;
		};
/* End PBXTargetDependency section */

/* Begin PBXVariantGroup section */
		FB7C6CCB1BEBABED000D6AF1 /* Main.storyboard */ = {
			isa = PBXVariantGroup;
			children = (
				FB7C6CCC1BEBABED000D6AF1 /* Base */,
			);
			name = Main.storyboard;
			sourceTree = "<group>";
		};
		FB7C6CD01BEBABED000D6AF1 /* LaunchScreen.storyboard */ = {
			isa = PBXVariantGroup;
			children = (
				FB7C6CD11BEBABED000D6AF1 /* Base */,
			);
			name = LaunchScreen.storyboard;
			sourceTree = "<group>";
		};
/* End PBXVariantGroup section */

/* Begin XCBuildConfiguration section */
		FB7C6CEA1BEBABED000D6AF1 /* Debug */ = {
			isa = XCBuildConfiguration;
			buildSettings = {
				ALWAYS_SEARCH_USER_PATHS = NO;
				CLANG_CXX_LANGUAGE_STANDARD = "gnu++0x";
				CLANG_CXX_LIBRARY = "libc++";
				CLANG_ENABLE_MODULES = YES;
				CLANG_ENABLE_OBJC_ARC = YES;
				CLANG_WARN_BOOL_CONVERSION = YES;
				CLANG_WARN_CONSTANT_CONVERSION = YES;
				CLANG_WARN_DIRECT_OBJC_ISA_USAGE = YES_ERROR;
				CLANG_WARN_EMPTY_BODY = YES;
				CLANG_WARN_ENUM_CONVERSION = YES;
				CLANG_WARN_INT_CONVERSION = YES;
				CLANG_WARN_OBJC_ROOT_CLASS = YES_ERROR;
				CLANG_WARN_UNREACHABLE_CODE = YES;
				CLANG_WARN__DUPLICATE_METHOD_MATCH = YES;
				"CODE_SIGN_IDENTITY[sdk=iphoneos*]" = "iPhone Developer";
				COPY_PHASE_STRIP = NO;
				DEBUG_INFORMATION_FORMAT = dwarf;
				ENABLE_STRICT_OBJC_MSGSEND = YES;
				ENABLE_TESTABILITY = YES;
				GCC_C_LANGUAGE_STANDARD = gnu99;
				GCC_DYNAMIC_NO_PIC = NO;
				GCC_NO_COMMON_BLOCKS = YES;
				GCC_OPTIMIZATION_LEVEL = 0;
				GCC_PREPROCESSOR_DEFINITIONS = (
					"DEBUG=1",
					"$(inherited)",
				);
				GCC_WARN_64_TO_32_BIT_CONVERSION = YES;
				GCC_WARN_ABOUT_RETURN_TYPE = YES_ERROR;
				GCC_WARN_UNDECLARED_SELECTOR = YES;
				GCC_WARN_UNINITIALIZED_AUTOS = YES_AGGRESSIVE;
				GCC_WARN_UNUSED_FUNCTION = YES;
				GCC_WARN_UNUSED_VARIABLE = YES;
				IPHONEOS_DEPLOYMENT_TARGET = 9.0;
				MTL_ENABLE_DEBUG_INFO = YES;
				ONLY_ACTIVE_ARCH = YES;
				SDKROOT = iphoneos;
				SWIFT_OPTIMIZATION_LEVEL = "-Onone";
				TARGETED_DEVICE_FAMILY = "1,2";
			};
			name = Debug;
		};
		FB7C6CEB1BEBABED000D6AF1 /* Release */ = {
			isa = XCBuildConfiguration;
			buildSettings = {
				ALWAYS_SEARCH_USER_PATHS = NO;
				CLANG_CXX_LANGUAGE_STANDARD = "gnu++0x";
				CLANG_CXX_LIBRARY = "libc++";
				CLANG_ENABLE_MODULES = YES;
				CLANG_ENABLE_OBJC_ARC = YES;
				CLANG_WARN_BOOL_CONVERSION = YES;
				CLANG_WARN_CONSTANT_CONVERSION = YES;
				CLANG_WARN_DIRECT_OBJC_ISA_USAGE = YES_ERROR;
				CLANG_WARN_EMPTY_BODY = YES;
				CLANG_WARN_ENUM_CONVERSION = YES;
				CLANG_WARN_INT_CONVERSION = YES;
				CLANG_WARN_OBJC_ROOT_CLASS = YES_ERROR;
				CLANG_WARN_UNREACHABLE_CODE = YES;
				CLANG_WARN__DUPLICATE_METHOD_MATCH = YES;
				"CODE_SIGN_IDENTITY[sdk=iphoneos*]" = "iPhone Developer";
				COPY_PHASE_STRIP = NO;
				DEBUG_INFORMATION_FORMAT = "dwarf-with-dsym";
				ENABLE_NS_ASSERTIONS = NO;
				ENABLE_STRICT_OBJC_MSGSEND = YES;
				GCC_C_LANGUAGE_STANDARD = gnu99;
				GCC_NO_COMMON_BLOCKS = YES;
				GCC_WARN_64_TO_32_BIT_CONVERSION = YES;
				GCC_WARN_ABOUT_RETURN_TYPE = YES_ERROR;
				GCC_WARN_UNDECLARED_SELECTOR = YES;
				GCC_WARN_UNINITIALIZED_AUTOS = YES_AGGRESSIVE;
				GCC_WARN_UNUSED_FUNCTION = YES;
				GCC_WARN_UNUSED_VARIABLE = YES;
				IPHONEOS_DEPLOYMENT_TARGET = 9.0;
				MTL_ENABLE_DEBUG_INFO = NO;
				SDKROOT = iphoneos;
				TARGETED_DEVICE_FAMILY = "1,2";
				VALIDATE_PRODUCT = YES;
			};
			name = Release;
		};
		FB7C6CED1BEBABED000D6AF1 /* Debug */ = {
			isa = XCBuildConfiguration;
			buildSettings = {
				ASSETCATALOG_COMPILER_APPICON_NAME = AppIcon;
				INFOPLIST_FILE = MrPotato/Info.plist;
				LD_RUNPATH_SEARCH_PATHS = "$(inherited) @executable_path/Frameworks";
				PRODUCT_BUNDLE_IDENTIFIER = nl.mprog.MrPotato;
				PRODUCT_NAME = "$(TARGET_NAME)";
			};
			name = Debug;
		};
		FB7C6CEE1BEBABED000D6AF1 /* Release */ = {
			isa = XCBuildConfiguration;
			buildSettings = {
				ASSETCATALOG_COMPILER_APPICON_NAME = AppIcon;
				INFOPLIST_FILE = MrPotato/Info.plist;
				LD_RUNPATH_SEARCH_PATHS = "$(inherited) @executable_path/Frameworks";
				PRODUCT_BUNDLE_IDENTIFIER = nl.mprog.MrPotato;
				PRODUCT_NAME = "$(TARGET_NAME)";
			};
			name = Release;
		};
		FB7C6CF01BEBABED000D6AF1 /* Debug */ = {
			isa = XCBuildConfiguration;
			buildSettings = {
				BUNDLE_LOADER = "$(TEST_HOST)";
				INFOPLIST_FILE = MrPotatoTests/Info.plist;
				LD_RUNPATH_SEARCH_PATHS = "$(inherited) @executable_path/Frameworks @loader_path/Frameworks";
				PRODUCT_BUNDLE_IDENTIFIER = nl.mprog.MrPotatoTests;
				PRODUCT_NAME = "$(TARGET_NAME)";
				TEST_HOST = "$(BUILT_PRODUCTS_DIR)/MrPotato.app/MrPotato";
			};
			name = Debug;
		};
		FB7C6CF11BEBABED000D6AF1 /* Release */ = {
			isa = XCBuildConfiguration;
			buildSettings = {
				BUNDLE_LOADER = "$(TEST_HOST)";
				INFOPLIST_FILE = MrPotatoTests/Info.plist;
				LD_RUNPATH_SEARCH_PATHS = "$(inherited) @executable_path/Frameworks @loader_path/Frameworks";
				PRODUCT_BUNDLE_IDENTIFIER = nl.mprog.MrPotatoTests;
				PRODUCT_NAME = "$(TARGET_NAME)";
				TEST_HOST = "$(BUILT_PRODUCTS_DIR)/MrPotato.app/MrPotato";
			};
			name = Release;
		};
		FB7C6CF31BEBABED000D6AF1 /* Debug */ = {
			isa = XCBuildConfiguration;
			buildSettings = {
				INFOPLIST_FILE = MrPotatoUITests/Info.plist;
				LD_RUNPATH_SEARCH_PATHS = "$(inherited) @executable_path/Frameworks @loader_path/Frameworks";
				PRODUCT_BUNDLE_IDENTIFIER = nl.mprog.MrPotatoUITests;
				PRODUCT_NAME = "$(TARGET_NAME)";
				TEST_TARGET_NAME = MrPotato;
				USES_XCTRUNNER = YES;
			};
			name = Debug;
		};
		FB7C6CF41BEBABED000D6AF1 /* Release */ = {
			isa = XCBuildConfiguration;
			buildSettings = {
				INFOPLIST_FILE = MrPotatoUITests/Info.plist;
				LD_RUNPATH_SEARCH_PATHS = "$(inherited) @executable_path/Frameworks @loader_path/Frameworks";
				PRODUCT_BUNDLE_IDENTIFIER = nl.mprog.MrPotatoUITests;
				PRODUCT_NAME = "$(TARGET_NAME)";
				TEST_TARGET_NAME = MrPotato;
				USES_XCTRUNNER = YES;
			};
			name = Release;
		};
/* End XCBuildConfiguration section */

/* Begin XCConfigurationList section */
		FB7C6CBF1BEBABED000D6AF1 /* Build configuration list for PBXProject "MrPotato" */ = {
			isa = XCConfigurationList;
			buildConfigurations = (
				FB7C6CEA1BEBABED000D6AF1 /* Debug */,
				FB7C6CEB1BEBABED000D6AF1 /* Release */,
			);
			defaultConfigurationIsVisible = 0;
			defaultConfigurationName = Release;
		};
		FB7C6CEC1BEBABED000D6AF1 /* Build configuration list for PBXNativeTarget "MrPotato" */ = {
			isa = XCConfigurationList;
			buildConfigurations = (
				FB7C6CED1BEBABED000D6AF1 /* Debug */,
				FB7C6CEE1BEBABED000D6AF1 /* Release */,
			);
			defaultConfigurationIsVisible = 0;
			defaultConfigurationName = Release;
		};
		FB7C6CEF1BEBABED000D6AF1 /* Build configuration list for PBXNativeTarget "MrPotatoTests" */ = {
			isa = XCConfigurationList;
			buildConfigurations = (
				FB7C6CF01BEBABED000D6AF1 /* Debug */,
				FB7C6CF11BEBABED000D6AF1 /* Release */,
			);
			defaultConfigurationIsVisible = 0;
			defaultConfigurationName = Release;
		};
		FB7C6CF21BEBABED000D6AF1 /* Build configuration list for PBXNativeTarget "MrPotatoUITests" */ = {
			isa = XCConfigurationList;
			buildConfigurations = (
				FB7C6CF31BEBABED000D6AF1 /* Debug */,
				FB7C6CF41BEBABED000D6AF1 /* Release */,
			);
			defaultConfigurationIsVisible = 0;
			defaultConfigurationName = Release;
		};
/* End XCConfigurationList section */
	};
	rootObject = FB7C6CBC1BEBABED000D6AF1 /* Project object */;
}
